// !$*UTF8*$!
{
	archiveVersion = 1;
	classes = {
	};
	objectVersion = 50;
	objects = {

/* Begin PBXBuildFile section */
		2CFA624D22A6CAB400251680 /* AppDelegate.swift in Sources */ = {isa = PBXBuildFile; fileRef = 2CFA624C22A6CAB400251680 /* AppDelegate.swift */; };
		2CFA624F22A6CAB400251680 /* ViewController.swift in Sources */ = {isa = PBXBuildFile; fileRef = 2CFA624E22A6CAB400251680 /* ViewController.swift */; };
		2CFA625222A6CAB400251680 /* Main.storyboard in Resources */ = {isa = PBXBuildFile; fileRef = 2CFA625022A6CAB400251680 /* Main.storyboard */; };
		2CFA625422A6CAB600251680 /* Assets.xcassets in Resources */ = {isa = PBXBuildFile; fileRef = 2CFA625322A6CAB600251680 /* Assets.xcassets */; };
		2CFA625722A6CAB600251680 /* LaunchScreen.storyboard in Resources */ = {isa = PBXBuildFile; fileRef = 2CFA625522A6CAB600251680 /* LaunchScreen.storyboard */; };
		2CFA626222A6CAB600251680 /* WhatsAppDemoTests.swift in Sources */ = {isa = PBXBuildFile; fileRef = 2CFA626122A6CAB600251680 /* WhatsAppDemoTests.swift */; };
		2CFA626D22A6CAB600251680 /* WhatsAppDemoUITests.swift in Sources */ = {isa = PBXBuildFile; fileRef = 2CFA626C22A6CAB600251680 /* WhatsAppDemoUITests.swift */; };
/* End PBXBuildFile section */

/* Begin PBXContainerItemProxy section */
		2CFA625E22A6CAB600251680 /* PBXContainerItemProxy */ = {
			isa = PBXContainerItemProxy;
			containerPortal = 2CFA624122A6CAB400251680 /* Project object */;
			proxyType = 1;
			remoteGlobalIDString = 2CFA624822A6CAB400251680;
			remoteInfo = WhatsAppDemo;
		};
		2CFA626922A6CAB600251680 /* PBXContainerItemProxy */ = {
			isa = PBXContainerItemProxy;
			containerPortal = 2CFA624122A6CAB400251680 /* Project object */;
			proxyType = 1;
			remoteGlobalIDString = 2CFA624822A6CAB400251680;
			remoteInfo = WhatsAppDemo;
		};
/* End PBXContainerItemProxy section */

/* Begin PBXFileReference section */
		2CFA624922A6CAB400251680 /* WhatsAppDemo.app */ = {isa = PBXFileReference; explicitFileType = wrapper.application; includeInIndex = 0; path = WhatsAppDemo.app; sourceTree = BUILT_PRODUCTS_DIR; };
		2CFA624C22A6CAB400251680 /* AppDelegate.swift */ = {isa = PBXFileReference; lastKnownFileType = sourcecode.swift; path = AppDelegate.swift; sourceTree = "<group>"; };
		2CFA624E22A6CAB400251680 /* ViewController.swift */ = {isa = PBXFileReference; lastKnownFileType = sourcecode.swift; path = ViewController.swift; sourceTree = "<group>"; };
		2CFA625122A6CAB400251680 /* Base */ = {isa = PBXFileReference; lastKnownFileType = file.storyboard; name = Base; path = Base.lproj/Main.storyboard; sourceTree = "<group>"; };
		2CFA625322A6CAB600251680 /* Assets.xcassets */ = {isa = PBXFileReference; lastKnownFileType = folder.assetcatalog; path = Assets.xcassets; sourceTree = "<group>"; };
		2CFA625622A6CAB600251680 /* Base */ = {isa = PBXFileReference; lastKnownFileType = file.storyboard; name = Base; path = Base.lproj/LaunchScreen.storyboard; sourceTree = "<group>"; };
		2CFA625822A6CAB600251680 /* Info.plist */ = {isa = PBXFileReference; lastKnownFileType = text.plist.xml; path = Info.plist; sourceTree = "<group>"; };
		2CFA625D22A6CAB600251680 /* WhatsAppDemoTests.xctest */ = {isa = PBXFileReference; explicitFileType = wrapper.cfbundle; includeInIndex = 0; path = WhatsAppDemoTests.xctest; sourceTree = BUILT_PRODUCTS_DIR; };
		2CFA626122A6CAB600251680 /* WhatsAppDemoTests.swift */ = {isa = PBXFileReference; lastKnownFileType = sourcecode.swift; path = WhatsAppDemoTests.swift; sourceTree = "<group>"; };
		2CFA626322A6CAB600251680 /* Info.plist */ = {isa = PBXFileReference; lastKnownFileType = text.plist.xml; path = Info.plist; sourceTree = "<group>"; };
		2CFA626822A6CAB600251680 /* WhatsAppDemoUITests.xctest */ = {isa = PBXFileReference; explicitFileType = wrapper.cfbundle; includeInIndex = 0; path = WhatsAppDemoUITests.xctest; sourceTree = BUILT_PRODUCTS_DIR; };
		2CFA626C22A6CAB600251680 /* WhatsAppDemoUITests.swift */ = {isa = PBXFileReference; lastKnownFileType = sourcecode.swift; path = WhatsAppDemoUITests.swift; sourceTree = "<group>"; };
		2CFA626E22A6CAB600251680 /* Info.plist */ = {isa = PBXFileReference; lastKnownFileType = text.plist.xml; path = Info.plist; sourceTree = "<group>"; };
/* End PBXFileReference section */

/* Begin PBXFrameworksBuildPhase section */
		2CFA624622A6CAB400251680 /* Frameworks */ = {
			isa = PBXFrameworksBuildPhase;
			buildActionMask = 2147483647;
			files = (
			);
			runOnlyForDeploymentPostprocessing = 0;
		};
		2CFA625A22A6CAB600251680 /* Frameworks */ = {
			isa = PBXFrameworksBuildPhase;
			buildActionMask = 2147483647;
			files = (
			);
			runOnlyForDeploymentPostprocessing = 0;
		};
		2CFA626522A6CAB600251680 /* Frameworks */ = {
			isa = PBXFrameworksBuildPhase;
			buildActionMask = 2147483647;
			files = (
			);
			runOnlyForDeploymentPostprocessing = 0;
		};
/* End PBXFrameworksBuildPhase section */

/* Begin PBXGroup section */
		2CFA624022A6CAB400251680 = {
			isa = PBXGroup;
			children = (
				2CFA624B22A6CAB400251680 /* WhatsAppDemo */,
				2CFA626022A6CAB600251680 /* WhatsAppDemoTests */,
				2CFA626B22A6CAB600251680 /* WhatsAppDemoUITests */,
				2CFA624A22A6CAB400251680 /* Products */,
			);
			sourceTree = "<group>";
		};
		2CFA624A22A6CAB400251680 /* Products */ = {
			isa = PBXGroup;
			children = (
				2CFA624922A6CAB400251680 /* WhatsAppDemo.app */,
				2CFA625D22A6CAB600251680 /* WhatsAppDemoTests.xctest */,
				2CFA626822A6CAB600251680 /* WhatsAppDemoUITests.xctest */,
			);
			name = Products;
			sourceTree = "<group>";
		};
		2CFA624B22A6CAB400251680 /* WhatsAppDemo */ = {
			isa = PBXGroup;
			children = (
				2CFA624C22A6CAB400251680 /* AppDelegate.swift */,
				2CFA624E22A6CAB400251680 /* ViewController.swift */,
				2CFA625022A6CAB400251680 /* Main.storyboard */,
				2CFA625322A6CAB600251680 /* Assets.xcassets */,
				2CFA625522A6CAB600251680 /* LaunchScreen.storyboard */,
				2CFA625822A6CAB600251680 /* Info.plist */,
			);
			path = WhatsAppDemo;
			sourceTree = "<group>";
		};
		2CFA626022A6CAB600251680 /* WhatsAppDemoTests */ = {
			isa = PBXGroup;
			children = (
				2CFA626122A6CAB600251680 /* WhatsAppDemoTests.swift */,
				2CFA626322A6CAB600251680 /* Info.plist */,
			);
			path = WhatsAppDemoTests;
			sourceTree = "<group>";
		};
		2CFA626B22A6CAB600251680 /* WhatsAppDemoUITests */ = {
			isa = PBXGroup;
			children = (
				2CFA626C22A6CAB600251680 /* WhatsAppDemoUITests.swift */,
				2CFA626E22A6CAB600251680 /* Info.plist */,
			);
			path = WhatsAppDemoUITests;
			sourceTree = "<group>";
		};
/* End PBXGroup section */

/* Begin PBXNativeTarget section */
		2CFA624822A6CAB400251680 /* WhatsAppDemo */ = {
			isa = PBXNativeTarget;
			buildConfigurationList = 2CFA627122A6CAB600251680 /* Build configuration list for PBXNativeTarget "WhatsAppDemo" */;
			buildPhases = (
				2CFA624522A6CAB400251680 /* Sources */,
				2CFA624622A6CAB400251680 /* Frameworks */,
				2CFA624722A6CAB400251680 /* Resources */,
			);
			buildRules = (
			);
			dependencies = (
			);
			name = WhatsAppDemo;
			productName = WhatsAppDemo;
			productReference = 2CFA624922A6CAB400251680 /* WhatsAppDemo.app */;
			productType = "com.apple.product-type.application";
		};
		2CFA625C22A6CAB600251680 /* WhatsAppDemoTests */ = {
			isa = PBXNativeTarget;
			buildConfigurationList = 2CFA627422A6CAB600251680 /* Build configuration list for PBXNativeTarget "WhatsAppDemoTests" */;
			buildPhases = (
				2CFA625922A6CAB600251680 /* Sources */,
				2CFA625A22A6CAB600251680 /* Frameworks */,
				2CFA625B22A6CAB600251680 /* Resources */,
			);
			buildRules = (
			);
			dependencies = (
				2CFA625F22A6CAB600251680 /* PBXTargetDependency */,
			);
			name = WhatsAppDemoTests;
			productName = WhatsAppDemoTests;
			productReference = 2CFA625D22A6CAB600251680 /* WhatsAppDemoTests.xctest */;
			productType = "com.apple.product-type.bundle.unit-test";
		};
		2CFA626722A6CAB600251680 /* WhatsAppDemoUITests */ = {
			isa = PBXNativeTarget;
			buildConfigurationList = 2CFA627722A6CAB600251680 /* Build configuration list for PBXNativeTarget "WhatsAppDemoUITests" */;
			buildPhases = (
				2CFA626422A6CAB600251680 /* Sources */,
				2CFA626522A6CAB600251680 /* Frameworks */,
				2CFA626622A6CAB600251680 /* Resources */,
			);
			buildRules = (
			);
			dependencies = (
				2CFA626A22A6CAB600251680 /* PBXTargetDependency */,
			);
			name = WhatsAppDemoUITests;
			productName = WhatsAppDemoUITests;
			productReference = 2CFA626822A6CAB600251680 /* WhatsAppDemoUITests.xctest */;
			productType = "com.apple.product-type.bundle.ui-testing";
		};
/* End PBXNativeTarget section */

/* Begin PBXProject section */
		2CFA624122A6CAB400251680 /* Project object */ = {
			isa = PBXProject;
			attributes = {
				LastSwiftUpdateCheck = 1020;
				LastUpgradeCheck = 1020;
				ORGANIZATIONNAME = "Sneha Harke";
				TargetAttributes = {
					2CFA624822A6CAB400251680 = {
						CreatedOnToolsVersion = 10.2;
					};
					2CFA625C22A6CAB600251680 = {
						CreatedOnToolsVersion = 10.2;
						TestTargetID = 2CFA624822A6CAB400251680;
					};
					2CFA626722A6CAB600251680 = {
						CreatedOnToolsVersion = 10.2;
						TestTargetID = 2CFA624822A6CAB400251680;
					};
				};
			};
			buildConfigurationList = 2CFA624422A6CAB400251680 /* Build configuration list for PBXProject "WhatsAppDemo" */;
			compatibilityVersion = "Xcode 9.3";
			developmentRegion = en;
			hasScannedForEncodings = 0;
			knownRegions = (
				en,
				Base,
			);
			mainGroup = 2CFA624022A6CAB400251680;
			productRefGroup = 2CFA624A22A6CAB400251680 /* Products */;
			projectDirPath = "";
			projectRoot = "";
			targets = (
				2CFA624822A6CAB400251680 /* WhatsAppDemo */,
				2CFA625C22A6CAB600251680 /* WhatsAppDemoTests */,
				2CFA626722A6CAB600251680 /* WhatsAppDemoUITests */,
			);
		};
/* End PBXProject section */

/* Begin PBXResourcesBuildPhase section */
		2CFA624722A6CAB400251680 /* Resources */ = {
			isa = PBXResourcesBuildPhase;
			buildActionMask = 2147483647;
			files = (
				2CFA625722A6CAB600251680 /* LaunchScreen.storyboard in Resources */,
				2CFA625422A6CAB600251680 /* Assets.xcassets in Resources */,
				2CFA625222A6CAB400251680 /* Main.storyboard in Resources */,
			);
			runOnlyForDeploymentPostprocessing = 0;
		};
		2CFA625B22A6CAB600251680 /* Resources */ = {
			isa = PBXResourcesBuildPhase;
			buildActionMask = 2147483647;
			files = (
			);
			runOnlyForDeploymentPostprocessing = 0;
		};
		2CFA626622A6CAB600251680 /* Resources */ = {
			isa = PBXResourcesBuildPhase;
			buildActionMask = 2147483647;
			files = (
			);
			runOnlyForDeploymentPostprocessing = 0;
		};
/* End PBXResourcesBuildPhase section */

/* Begin PBXSourcesBuildPhase section */
		2CFA624522A6CAB400251680 /* Sources */ = {
			isa = PBXSourcesBuildPhase;
			buildActionMask = 2147483647;
			files = (
				2CFA624F22A6CAB400251680 /* ViewController.swift in Sources */,
				2CFA624D22A6CAB400251680 /* AppDelegate.swift in Sources */,
			);
			runOnlyForDeploymentPostprocessing = 0;
		};
		2CFA625922A6CAB600251680 /* Sources */ = {
			isa = PBXSourcesBuildPhase;
			buildActionMask = 2147483647;
			files = (
				2CFA626222A6CAB600251680 /* WhatsAppDemoTests.swift in Sources */,
			);
			runOnlyForDeploymentPostprocessing = 0;
		};
		2CFA626422A6CAB600251680 /* Sources */ = {
			isa = PBXSourcesBuildPhase;
			buildActionMask = 2147483647;
			files = (
				2CFA626D22A6CAB600251680 /* WhatsAppDemoUITests.swift in Sources */,
			);
			runOnlyForDeploymentPostprocessing = 0;
		};
/* End PBXSourcesBuildPhase section */

/* Begin PBXTargetDependency section */
		2CFA625F22A6CAB600251680 /* PBXTargetDependency */ = {
			isa = PBXTargetDependency;
			target = 2CFA624822A6CAB400251680 /* WhatsAppDemo */;
			targetProxy = 2CFA625E22A6CAB600251680 /* PBXContainerItemProxy */;
		};
		2CFA626A22A6CAB600251680 /* PBXTargetDependency */ = {
			isa = PBXTargetDependency;
			target = 2CFA624822A6CAB400251680 /* WhatsAppDemo */;
			targetProxy = 2CFA626922A6CAB600251680 /* PBXContainerItemProxy */;
		};
/* End PBXTargetDependency section */

/* Begin PBXVariantGroup section */
		2CFA625022A6CAB400251680 /* Main.storyboard */ = {
			isa = PBXVariantGroup;
			children = (
				2CFA625122A6CAB400251680 /* Base */,
			);
			name = Main.storyboard;
			sourceTree = "<group>";
		};
		2CFA625522A6CAB600251680 /* LaunchScreen.storyboard */ = {
			isa = PBXVariantGroup;
			children = (
				2CFA625622A6CAB600251680 /* Base */,
			);
			name = LaunchScreen.storyboard;
			sourceTree = "<group>";
		};
/* End PBXVariantGroup section */

/* Begin XCBuildConfiguration section */
		2CFA626F22A6CAB600251680 /* Debug */ = {
			isa = XCBuildConfiguration;
			buildSettings = {
				ALWAYS_SEARCH_USER_PATHS = NO;
				CLANG_ANALYZER_NONNULL = YES;
				CLANG_ANALYZER_NUMBER_OBJECT_CONVERSION = YES_AGGRESSIVE;
				CLANG_CXX_LANGUAGE_STANDARD = "gnu++14";
				CLANG_CXX_LIBRARY = "libc++";
				CLANG_ENABLE_MODULES = YES;
				CLANG_ENABLE_OBJC_ARC = YES;
				CLANG_ENABLE_OBJC_WEAK = YES;
				CLANG_WARN_BLOCK_CAPTURE_AUTORELEASING = YES;
				CLANG_WARN_BOOL_CONVERSION = YES;
				CLANG_WARN_COMMA = YES;
				CLANG_WARN_CONSTANT_CONVERSION = YES;
				CLANG_WARN_DEPRECATED_OBJC_IMPLEMENTATIONS = YES;
				CLANG_WARN_DIRECT_OBJC_ISA_USAGE = YES_ERROR;
				CLANG_WARN_DOCUMENTATION_COMMENTS = YES;
				CLANG_WARN_EMPTY_BODY = YES;
				CLANG_WARN_ENUM_CONVERSION = YES;
				CLANG_WARN_INFINITE_RECURSION = YES;
				CLANG_WARN_INT_CONVERSION = YES;
				CLANG_WARN_NON_LITERAL_NULL_CONVERSION = YES;
				CLANG_WARN_OBJC_IMPLICIT_RETAIN_SELF = YES;
				CLANG_WARN_OBJC_LITERAL_CONVERSION = YES;
				CLANG_WARN_OBJC_ROOT_CLASS = YES_ERROR;
				CLANG_WARN_RANGE_LOOP_ANALYSIS = YES;
				CLANG_WARN_STRICT_PROTOTYPES = YES;
				CLANG_WARN_SUSPICIOUS_MOVE = YES;
				CLANG_WARN_UNGUARDED_AVAILABILITY = YES_AGGRESSIVE;
				CLANG_WARN_UNREACHABLE_CODE = YES;
				CLANG_WARN__DUPLICATE_METHOD_MATCH = YES;
				CODE_SIGN_IDENTITY = "iPhone Developer";
				COPY_PHASE_STRIP = NO;
				DEBUG_INFORMATION_FORMAT = dwarf;
				ENABLE_STRICT_OBJC_MSGSEND = YES;
				ENABLE_TESTABILITY = YES;
				GCC_C_LANGUAGE_STANDARD = gnu11;
				GCC_DYNAMIC_NO_PIC = NO;
				GCC_NO_COMMON_BLOCKS = YES;
				GCC_OPTIMIZATION_LEVEL = 0;
				GCC_PREPROCESSOR_DEFINITIONS = (
					"DEBUG=1",
					"$(inherited)",
				);
				GCC_WARN_64_TO_32_BIT_CONVERSION = YES;
				GCC_WARN_ABOUT_RETURN_TYPE = YES_ERROR;
				GCC_WARN_UNDECLARED_SELECTOR = YES;
				GCC_WARN_UNINITIALIZED_AUTOS = YES_AGGRESSIVE;
				GCC_WARN_UNUSED_FUNCTION = YES;
				GCC_WARN_UNUSED_VARIABLE = YES;
				IPHONEOS_DEPLOYMENT_TARGET = 12.2;
				MTL_ENABLE_DEBUG_INFO = INCLUDE_SOURCE;
				MTL_FAST_MATH = YES;
				ONLY_ACTIVE_ARCH = YES;
				SDKROOT = iphoneos;
				SWIFT_ACTIVE_COMPILATION_CONDITIONS = DEBUG;
				SWIFT_OPTIMIZATION_LEVEL = "-Onone";
			};
			name = Debug;
		};
		2CFA627022A6CAB600251680 /* Release */ = {
			isa = XCBuildConfiguration;
			buildSettings = {
				ALWAYS_SEARCH_USER_PATHS = NO;
				CLANG_ANALYZER_NONNULL = YES;
				CLANG_ANALYZER_NUMBER_OBJECT_CONVERSION = YES_AGGRESSIVE;
				CLANG_CXX_LANGUAGE_STANDARD = "gnu++14";
				CLANG_CXX_LIBRARY = "libc++";
				CLANG_ENABLE_MODULES = YES;
				CLANG_ENABLE_OBJC_ARC = YES;
				CLANG_ENABLE_OBJC_WEAK = YES;
				CLANG_WARN_BLOCK_CAPTURE_AUTORELEASING = YES;
				CLANG_WARN_BOOL_CONVERSION = YES;
				CLANG_WARN_COMMA = YES;
				CLANG_WARN_CONSTANT_CONVERSION = YES;
				CLANG_WARN_DEPRECATED_OBJC_IMPLEMENTATIONS = YES;
				CLANG_WARN_DIRECT_OBJC_ISA_USAGE = YES_ERROR;
				CLANG_WARN_DOCUMENTATION_COMMENTS = YES;
				CLANG_WARN_EMPTY_BODY = YES;
				CLANG_WARN_ENUM_CONVERSION = YES;
				CLANG_WARN_INFINITE_RECURSION = YES;
				CLANG_WARN_INT_CONVERSION = YES;
				CLANG_WARN_NON_LITERAL_NULL_CONVERSION = YES;
				CLANG_WARN_OBJC_IMPLICIT_RETAIN_SELF = YES;
				CLANG_WARN_OBJC_LITERAL_CONVERSION = YES;
				CLANG_WARN_OBJC_ROOT_CLASS = YES_ERROR;
				CLANG_WARN_RANGE_LOOP_ANALYSIS = YES;
				CLANG_WARN_STRICT_PROTOTYPES = YES;
				CLANG_WARN_SUSPICIOUS_MOVE = YES;
				CLANG_WARN_UNGUARDED_AVAILABILITY = YES_AGGRESSIVE;
				CLANG_WARN_UNREACHABLE_CODE = YES;
				CLANG_WARN__DUPLICATE_METHOD_MATCH = YES;
				CODE_SIGN_IDENTITY = "iPhone Developer";
				COPY_PHASE_STRIP = NO;
				DEBUG_INFORMATION_FORMAT = "dwarf-with-dsym";
				ENABLE_NS_ASSERTIONS = NO;
				ENABLE_STRICT_OBJC_MSGSEND = YES;
				GCC_C_LANGUAGE_STANDARD = gnu11;
				GCC_NO_COMMON_BLOCKS = YES;
				GCC_WARN_64_TO_32_BIT_CONVERSION = YES;
				GCC_WARN_ABOUT_RETURN_TYPE = YES_ERROR;
				GCC_WARN_UNDECLARED_SELECTOR = YES;
				GCC_WARN_UNINITIALIZED_AUTOS = YES_AGGRESSIVE;
				GCC_WARN_UNUSED_FUNCTION = YES;
				GCC_WARN_UNUSED_VARIABLE = YES;
				IPHONEOS_DEPLOYMENT_TARGET = 12.2;
				MTL_ENABLE_DEBUG_INFO = NO;
				MTL_FAST_MATH = YES;
				SDKROOT = iphoneos;
				SWIFT_COMPILATION_MODE = wholemodule;
				SWIFT_OPTIMIZATION_LEVEL = "-O";
				VALIDATE_PRODUCT = YES;
			};
			name = Release;
		};
		2CFA627222A6CAB600251680 /* Debug */ = {
			isa = XCBuildConfiguration;
			buildSettings = {
				ASSETCATALOG_COMPILER_APPICON_NAME = AppIcon;
				CODE_SIGN_STYLE = Automatic;
				INFOPLIST_FILE = WhatsAppDemo/Info.plist;
				LD_RUNPATH_SEARCH_PATHS = (
					"$(inherited)",
					"@executable_path/Frameworks",
				);
				PRODUCT_BUNDLE_IDENTIFIER = com.ril.jio.scrollViewDemo.WhatsAppDemo;
				PRODUCT_NAME = "$(TARGET_NAME)";
				SWIFT_VERSION = 5.0;
				TARGETED_DEVICE_FAMILY = "1,2";
			};
			name = Debug;
		};
		2CFA627322A6CAB600251680 /* Release */ = {
			isa = XCBuildConfiguration;
			buildSettings = {
				ASSETCATALOG_COMPILER_APPICON_NAME = AppIcon;
				CODE_SIGN_STYLE = Automatic;
				INFOPLIST_FILE = WhatsAppDemo/Info.plist;
				LD_RUNPATH_SEARCH_PATHS = (
					"$(inherited)",
					"@executable_path/Frameworks",
				);
				PRODUCT_BUNDLE_IDENTIFIER = com.ril.jio.scrollViewDemo.WhatsAppDemo;
				PRODUCT_NAME = "$(TARGET_NAME)";
				SWIFT_VERSION = 5.0;
				TARGETED_DEVICE_FAMILY = "1,2";
			};
			name = Release;
		};
		2CFA627522A6CAB600251680 /* Debug */ = {
			isa = XCBuildConfiguration;
			buildSettings = {
				ALWAYS_EMBED_SWIFT_STANDARD_LIBRARIES = YES;
				BUNDLE_LOADER = "$(TEST_HOST)";
				CODE_SIGN_STYLE = Automatic;
				INFOPLIST_FILE = WhatsAppDemoTests/Info.plist;
				LD_RUNPATH_SEARCH_PATHS = (
					"$(inherited)",
					"@executable_path/Frameworks",
					"@loader_path/Frameworks",
				);
				PRODUCT_BUNDLE_IDENTIFIER = com.ril.jio.scrollViewDemo.WhatsAppDemoTests;
				PRODUCT_NAME = "$(TARGET_NAME)";
				SWIFT_VERSION = 5.0;
				TARGETED_DEVICE_FAMILY = "1,2";
				TEST_HOST = "$(BUILT_PRODUCTS_DIR)/WhatsAppDemo.app/WhatsAppDemo";
			};
			name = Debug;
		};
		2CFA627622A6CAB600251680 /* Release */ = {
			isa = XCBuildConfiguration;
			buildSettings = {
				ALWAYS_EMBED_SWIFT_STANDARD_LIBRARIES = YES;
				BUNDLE_LOADER = "$(TEST_HOST)";
				CODE_SIGN_STYLE = Automatic;
				INFOPLIST_FILE = WhatsAppDemoTests/Info.plist;
				LD_RUNPATH_SEARCH_PATHS = (
					"$(inherited)",
					"@executable_path/Frameworks",
					"@loader_path/Frameworks",
				);
				PRODUCT_BUNDLE_IDENTIFIER = com.ril.jio.scrollViewDemo.WhatsAppDemoTests;
				PRODUCT_NAME = "$(TARGET_NAME)";
				SWIFT_VERSION = 5.0;
				TARGETED_DEVICE_FAMILY = "1,2";
				TEST_HOST = "$(BUILT_PRODUCTS_DIR)/WhatsAppDemo.app/WhatsAppDemo";
			};
			name = Release;
		};
		2CFA627822A6CAB600251680 /* Debug */ = {
			isa = XCBuildConfiguration;
			buildSettings = {
				ALWAYS_EMBED_SWIFT_STANDARD_LIBRARIES = YES;
				CODE_SIGN_STYLE = Automatic;
				INFOPLIST_FILE = WhatsAppDemoUITests/Info.plist;
				LD_RUNPATH_SEARCH_PATHS = (
					"$(inherited)",
					"@executable_path/Frameworks",
					"@loader_path/Frameworks",
				);
				PRODUCT_BUNDLE_IDENTIFIER = com.ril.jio.scrollViewDemo.WhatsAppDemoUITests;
				PRODUCT_NAME = "$(TARGET_NAME)";
				SWIFT_VERSION = 5.0;
				TARGETED_DEVICE_FAMILY = "1,2";
				TEST_TARGET_NAME = WhatsAppDemo;
			};
			name = Debug;
		};
		2CFA627922A6CAB600251680 /* Release */ = {
			isa = XCBuildConfiguration;
			buildSettings = {
				ALWAYS_EMBED_SWIFT_STANDARD_LIBRARIES = YES;
				CODE_SIGN_STYLE = Automatic;
				INFOPLIST_FILE = WhatsAppDemoUITests/Info.plist;
				LD_RUNPATH_SEARCH_PATHS = (
					"$(inherited)",
					"@executable_path/Frameworks",
					"@loader_path/Frameworks",
				);
				PRODUCT_BUNDLE_IDENTIFIER = com.ril.jio.scrollViewDemo.WhatsAppDemoUITests;
				PRODUCT_NAME = "$(TARGET_NAME)";
				SWIFT_VERSION = 5.0;
				TARGETED_DEVICE_FAMILY = "1,2";
				TEST_TARGET_NAME = WhatsAppDemo;
			};
			name = Release;
		};
/* End XCBuildConfiguration section */

/* Begin XCConfigurationList section */
		2CFA624422A6CAB400251680 /* Build configuration list for PBXProject "WhatsAppDemo" */ = {
			isa = XCConfigurationList;
			buildConfigurations = (
				2CFA626F22A6CAB600251680 /* Debug */,
				2CFA627022A6CAB600251680 /* Release */,
			);
			defaultConfigurationIsVisible = 0;
			defaultConfigurationName = Release;
		};
		2CFA627122A6CAB600251680 /* Build configuration list for PBXNativeTarget "WhatsAppDemo" */ = {
			isa = XCConfigurationList;
			buildConfigurations = (
				2CFA627222A6CAB600251680 /* Debug */,
				2CFA627322A6CAB600251680 /* Release */,
			);
			defaultConfigurationIsVisible = 0;
			defaultConfigurationName = Release;
		};
		2CFA627422A6CAB600251680 /* Build configuration list for PBXNativeTarget "WhatsAppDemoTests" */ = {
			isa = XCConfigurationList;
			buildConfigurations = (
				2CFA627522A6CAB600251680 /* Debug */,
				2CFA627622A6CAB600251680 /* Release */,
			);
			defaultConfigurationIsVisible = 0;
			defaultConfigurationName = Release;
		};
		2CFA627722A6CAB600251680 /* Build configuration list for PBXNativeTarget "WhatsAppDemoUITests" */ = {
			isa = XCConfigurationList;
			buildConfigurations = (
				2CFA627822A6CAB600251680 /* Debug */,
				2CFA627922A6CAB600251680 /* Release */,
			);
			defaultConfigurationIsVisible = 0;
			defaultConfigurationName = Release;
		};
/* End XCConfigurationList section */
	};
	rootObject = 2CFA624122A6CAB400251680 /* Project object */;
}
